// !$*UTF8*$!
{
	archiveVersion = 1;
	classes = {
	};
	objectVersion = 56;
	objects = {

/* Begin PBXBuildFile section */
		01E3A03A2B4471A7008A0322 /* AppDelegate.swift in Sources */ = {isa = PBXBuildFile; fileRef = 01E3A0392B4471A7008A0322 /* AppDelegate.swift */; };
		01E3A03C2B4471A7008A0322 /* SceneDelegate.swift in Sources */ = {isa = PBXBuildFile; fileRef = 01E3A03B2B4471A7008A0322 /* SceneDelegate.swift */; };
		01E3A03E2B4471A7008A0322 /* ViewController.swift in Sources */ = {isa = PBXBuildFile; fileRef = 01E3A03D2B4471A7008A0322 /* ViewController.swift */; };
		01E3A0412B4471A7008A0322 /* Main.storyboard in Resources */ = {isa = PBXBuildFile; fileRef = 01E3A03F2B4471A7008A0322 /* Main.storyboard */; };
		01E3A0432B4471A9008A0322 /* Assets.xcassets in Resources */ = {isa = PBXBuildFile; fileRef = 01E3A0422B4471A9008A0322 /* Assets.xcassets */; };
		01E3A0462B4471A9008A0322 /* LaunchScreen.storyboard in Resources */ = {isa = PBXBuildFile; fileRef = 01E3A0442B4471A9008A0322 /* LaunchScreen.storyboard */; };
		01E3A0512B4471A9008A0322 /* NewsAppForMeTests.swift in Sources */ = {isa = PBXBuildFile; fileRef = 01E3A0502B4471A9008A0322 /* NewsAppForMeTests.swift */; };
		01E3A05B2B4471A9008A0322 /* NewsAppForMeUITests.swift in Sources */ = {isa = PBXBuildFile; fileRef = 01E3A05A2B4471A9008A0322 /* NewsAppForMeUITests.swift */; };
		01E3A05D2B4471A9008A0322 /* NewsAppForMeUITestsLaunchTests.swift in Sources */ = {isa = PBXBuildFile; fileRef = 01E3A05C2B4471A9008A0322 /* NewsAppForMeUITestsLaunchTests.swift */; };
/* End PBXBuildFile section */

/* Begin PBXContainerItemProxy section */
		01E3A04D2B4471A9008A0322 /* PBXContainerItemProxy */ = {
			isa = PBXContainerItemProxy;
			containerPortal = 01E3A02E2B4471A7008A0322 /* Project object */;
			proxyType = 1;
			remoteGlobalIDString = 01E3A0352B4471A7008A0322;
			remoteInfo = NewsAppForMe;
		};
		01E3A0572B4471A9008A0322 /* PBXContainerItemProxy */ = {
			isa = PBXContainerItemProxy;
			containerPortal = 01E3A02E2B4471A7008A0322 /* Project object */;
			proxyType = 1;
			remoteGlobalIDString = 01E3A0352B4471A7008A0322;
			remoteInfo = NewsAppForMe;
		};
/* End PBXContainerItemProxy section */

/* Begin PBXFileReference section */
		01E3A0362B4471A7008A0322 /* NewsAppForMe.app */ = {isa = PBXFileReference; explicitFileType = wrapper.application; includeInIndex = 0; path = NewsAppForMe.app; sourceTree = BUILT_PRODUCTS_DIR; };
		01E3A0392B4471A7008A0322 /* AppDelegate.swift */ = {isa = PBXFileReference; lastKnownFileType = sourcecode.swift; path = AppDelegate.swift; sourceTree = "<group>"; };
		01E3A03B2B4471A7008A0322 /* SceneDelegate.swift */ = {isa = PBXFileReference; lastKnownFileType = sourcecode.swift; path = SceneDelegate.swift; sourceTree = "<group>"; };
		01E3A03D2B4471A7008A0322 /* ViewController.swift */ = {isa = PBXFileReference; lastKnownFileType = sourcecode.swift; path = ViewController.swift; sourceTree = "<group>"; };
		01E3A0402B4471A7008A0322 /* Base */ = {isa = PBXFileReference; lastKnownFileType = file.storyboard; name = Base; path = Base.lproj/Main.storyboard; sourceTree = "<group>"; };
		01E3A0422B4471A9008A0322 /* Assets.xcassets */ = {isa = PBXFileReference; lastKnownFileType = folder.assetcatalog; path = Assets.xcassets; sourceTree = "<group>"; };
		01E3A0452B4471A9008A0322 /* Base */ = {isa = PBXFileReference; lastKnownFileType = file.storyboard; name = Base; path = Base.lproj/LaunchScreen.storyboard; sourceTree = "<group>"; };
		01E3A0472B4471A9008A0322 /* Info.plist */ = {isa = PBXFileReference; lastKnownFileType = text.plist.xml; path = Info.plist; sourceTree = "<group>"; };
		01E3A04C2B4471A9008A0322 /* NewsAppForMeTests.xctest */ = {isa = PBXFileReference; explicitFileType = wrapper.cfbundle; includeInIndex = 0; path = NewsAppForMeTests.xctest; sourceTree = BUILT_PRODUCTS_DIR; };
		01E3A0502B4471A9008A0322 /* NewsAppForMeTests.swift */ = {isa = PBXFileReference; lastKnownFileType = sourcecode.swift; path = NewsAppForMeTests.swift; sourceTree = "<group>"; };
		01E3A0562B4471A9008A0322 /* NewsAppForMeUITests.xctest */ = {isa = PBXFileReference; explicitFileType = wrapper.cfbundle; includeInIndex = 0; path = NewsAppForMeUITests.xctest; sourceTree = BUILT_PRODUCTS_DIR; };
		01E3A05A2B4471A9008A0322 /* NewsAppForMeUITests.swift */ = {isa = PBXFileReference; lastKnownFileType = sourcecode.swift; path = NewsAppForMeUITests.swift; sourceTree = "<group>"; };
		01E3A05C2B4471A9008A0322 /* NewsAppForMeUITestsLaunchTests.swift */ = {isa = PBXFileReference; lastKnownFileType = sourcecode.swift; path = NewsAppForMeUITestsLaunchTests.swift; sourceTree = "<group>"; };
/* End PBXFileReference section */

/* Begin PBXFrameworksBuildPhase section */
		01E3A0332B4471A7008A0322 /* Frameworks */ = {
			isa = PBXFrameworksBuildPhase;
			buildActionMask = 2147483647;
			files = (
			);
			runOnlyForDeploymentPostprocessing = 0;
		};
		01E3A0492B4471A9008A0322 /* Frameworks */ = {
			isa = PBXFrameworksBuildPhase;
			buildActionMask = 2147483647;
			files = (
			);
			runOnlyForDeploymentPostprocessing = 0;
		};
		01E3A0532B4471A9008A0322 /* Frameworks */ = {
			isa = PBXFrameworksBuildPhase;
			buildActionMask = 2147483647;
			files = (
			);
			runOnlyForDeploymentPostprocessing = 0;
		};
/* End PBXFrameworksBuildPhase section */

/* Begin PBXGroup section */
		01E3A02D2B4471A7008A0322 = {
			isa = PBXGroup;
			children = (
				01E3A0382B4471A7008A0322 /* NewsAppForMe */,
				01E3A04F2B4471A9008A0322 /* NewsAppForMeTests */,
				01E3A0592B4471A9008A0322 /* NewsAppForMeUITests */,
				01E3A0372B4471A7008A0322 /* Products */,
			);
			sourceTree = "<group>";
		};
		01E3A0372B4471A7008A0322 /* Products */ = {
			isa = PBXGroup;
			children = (
				01E3A0362B4471A7008A0322 /* NewsAppForMe.app */,
				01E3A04C2B4471A9008A0322 /* NewsAppForMeTests.xctest */,
				01E3A0562B4471A9008A0322 /* NewsAppForMeUITests.xctest */,
			);
			name = Products;
			sourceTree = "<group>";
		};
		01E3A0382B4471A7008A0322 /* NewsAppForMe */ = {
			isa = PBXGroup;
			children = (
				01E3A0392B4471A7008A0322 /* AppDelegate.swift */,
				01E3A03B2B4471A7008A0322 /* SceneDelegate.swift */,
				01E3A03D2B4471A7008A0322 /* ViewController.swift */,
				01E3A03F2B4471A7008A0322 /* Main.storyboard */,
				01E3A0422B4471A9008A0322 /* Assets.xcassets */,
				01E3A0442B4471A9008A0322 /* LaunchScreen.storyboard */,
				01E3A0472B4471A9008A0322 /* Info.plist */,
			);
			path = NewsAppForMe;
			sourceTree = "<group>";
		};
		01E3A04F2B4471A9008A0322 /* NewsAppForMeTests */ = {
			isa = PBXGroup;
			children = (
				01E3A0502B4471A9008A0322 /* NewsAppForMeTests.swift */,
			);
			path = NewsAppForMeTests;
			sourceTree = "<group>";
		};
		01E3A0592B4471A9008A0322 /* NewsAppForMeUITests */ = {
			isa = PBXGroup;
			children = (
				01E3A05A2B4471A9008A0322 /* NewsAppForMeUITests.swift */,
				01E3A05C2B4471A9008A0322 /* NewsAppForMeUITestsLaunchTests.swift */,
			);
			path = NewsAppForMeUITests;
			sourceTree = "<group>";
		};
/* End PBXGroup section */

/* Begin PBXNativeTarget section */
		01E3A0352B4471A7008A0322 /* NewsAppForMe */ = {
			isa = PBXNativeTarget;
			buildConfigurationList = 01E3A0602B4471A9008A0322 /* Build configuration list for PBXNativeTarget "NewsAppForMe" */;
			buildPhases = (
				01E3A0322B4471A7008A0322 /* Sources */,
				01E3A0332B4471A7008A0322 /* Frameworks */,
				01E3A0342B4471A7008A0322 /* Resources */,
			);
			buildRules = (
			);
			dependencies = (
			);
			name = NewsAppForMe;
			productName = NewsAppForMe;
			productReference = 01E3A0362B4471A7008A0322 /* NewsAppForMe.app */;
			productType = "com.apple.product-type.application";
		};
		01E3A04B2B4471A9008A0322 /* NewsAppForMeTests */ = {
			isa = PBXNativeTarget;
			buildConfigurationList = 01E3A0632B4471A9008A0322 /* Build configuration list for PBXNativeTarget "NewsAppForMeTests" */;
			buildPhases = (
				01E3A0482B4471A9008A0322 /* Sources */,
				01E3A0492B4471A9008A0322 /* Frameworks */,
				01E3A04A2B4471A9008A0322 /* Resources */,
			);
			buildRules = (
			);
			dependencies = (
				01E3A04E2B4471A9008A0322 /* PBXTargetDependency */,
			);
			name = NewsAppForMeTests;
			productName = NewsAppForMeTests;
			productReference = 01E3A04C2B4471A9008A0322 /* NewsAppForMeTests.xctest */;
			productType = "com.apple.product-type.bundle.unit-test";
		};
		01E3A0552B4471A9008A0322 /* NewsAppForMeUITests */ = {
			isa = PBXNativeTarget;
			buildConfigurationList = 01E3A0662B4471A9008A0322 /* Build configuration list for PBXNativeTarget "NewsAppForMeUITests" */;
			buildPhases = (
				01E3A0522B4471A9008A0322 /* Sources */,
				01E3A0532B4471A9008A0322 /* Frameworks */,
				01E3A0542B4471A9008A0322 /* Resources */,
			);
			buildRules = (
			);
			dependencies = (
				01E3A0582B4471A9008A0322 /* PBXTargetDependency */,
			);
			name = NewsAppForMeUITests;
			productName = NewsAppForMeUITests;
			productReference = 01E3A0562B4471A9008A0322 /* NewsAppForMeUITests.xctest */;
			productType = "com.apple.product-type.bundle.ui-testing";
		};
/* End PBXNativeTarget section */

/* Begin PBXProject section */
		01E3A02E2B4471A7008A0322 /* Project object */ = {
			isa = PBXProject;
			attributes = {
				BuildIndependentTargetsInParallel = 1;
				LastSwiftUpdateCheck = 1500;
				LastUpgradeCheck = 1500;
				TargetAttributes = {
					01E3A0352B4471A7008A0322 = {
						CreatedOnToolsVersion = 15.0.1;
					};
					01E3A04B2B4471A9008A0322 = {
						CreatedOnToolsVersion = 15.0.1;
						TestTargetID = 01E3A0352B4471A7008A0322;
					};
					01E3A0552B4471A9008A0322 = {
						CreatedOnToolsVersion = 15.0.1;
						TestTargetID = 01E3A0352B4471A7008A0322;
					};
				};
			};
			buildConfigurationList = 01E3A0312B4471A7008A0322 /* Build configuration list for PBXProject "NewsAppForMe" */;
			compatibilityVersion = "Xcode 14.0";
			developmentRegion = en;
			hasScannedForEncodings = 0;
			knownRegions = (
				en,
				Base,
			);
			mainGroup = 01E3A02D2B4471A7008A0322;
			productRefGroup = 01E3A0372B4471A7008A0322 /* Products */;
			projectDirPath = "";
			projectRoot = "";
			targets = (
				01E3A0352B4471A7008A0322 /* NewsAppForMe */,
				01E3A04B2B4471A9008A0322 /* NewsAppForMeTests */,
				01E3A0552B4471A9008A0322 /* NewsAppForMeUITests */,
			);
		};
/* End PBXProject section */

/* Begin PBXResourcesBuildPhase section */
		01E3A0342B4471A7008A0322 /* Resources */ = {
			isa = PBXResourcesBuildPhase;
			buildActionMask = 2147483647;
			files = (
				01E3A0462B4471A9008A0322 /* LaunchScreen.storyboard in Resources */,
				01E3A0432B4471A9008A0322 /* Assets.xcassets in Resources */,
				01E3A0412B4471A7008A0322 /* Main.storyboard in Resources */,
			);
			runOnlyForDeploymentPostprocessing = 0;
		};
		01E3A04A2B4471A9008A0322 /* Resources */ = {
			isa = PBXResourcesBuildPhase;
			buildActionMask = 2147483647;
			files = (
			);
			runOnlyForDeploymentPostprocessing = 0;
		};
		01E3A0542B4471A9008A0322 /* Resources */ = {
			isa = PBXResourcesBuildPhase;
			buildActionMask = 2147483647;
			files = (
			);
			runOnlyForDeploymentPostprocessing = 0;
		};
/* End PBXResourcesBuildPhase section */

/* Begin PBXSourcesBuildPhase section */
		01E3A0322B4471A7008A0322 /* Sources */ = {
			isa = PBXSourcesBuildPhase;
			buildActionMask = 2147483647;
			files = (
				01E3A03E2B4471A7008A0322 /* ViewController.swift in Sources */,
				01E3A03A2B4471A7008A0322 /* AppDelegate.swift in Sources */,
				01E3A03C2B4471A7008A0322 /* SceneDelegate.swift in Sources */,
			);
			runOnlyForDeploymentPostprocessing = 0;
		};
		01E3A0482B4471A9008A0322 /* Sources */ = {
			isa = PBXSourcesBuildPhase;
			buildActionMask = 2147483647;
			files = (
				01E3A0512B4471A9008A0322 /* NewsAppForMeTests.swift in Sources */,
			);
			runOnlyForDeploymentPostprocessing = 0;
		};
		01E3A0522B4471A9008A0322 /* Sources */ = {
			isa = PBXSourcesBuildPhase;
			buildActionMask = 2147483647;
			files = (
				01E3A05B2B4471A9008A0322 /* NewsAppForMeUITests.swift in Sources */,
				01E3A05D2B4471A9008A0322 /* NewsAppForMeUITestsLaunchTests.swift in Sources */,
			);
			runOnlyForDeploymentPostprocessing = 0;
		};
/* End PBXSourcesBuildPhase section */

/* Begin PBXTargetDependency section */
		01E3A04E2B4471A9008A0322 /* PBXTargetDependency */ = {
			isa = PBXTargetDependency;
			target = 01E3A0352B4471A7008A0322 /* NewsAppForMe */;
			targetProxy = 01E3A04D2B4471A9008A0322 /* PBXContainerItemProxy */;
		};
		01E3A0582B4471A9008A0322 /* PBXTargetDependency */ = {
			isa = PBXTargetDependency;
			target = 01E3A0352B4471A7008A0322 /* NewsAppForMe */;
			targetProxy = 01E3A0572B4471A9008A0322 /* PBXContainerItemProxy */;
		};
/* End PBXTargetDependency section */

/* Begin PBXVariantGroup section */
		01E3A03F2B4471A7008A0322 /* Main.storyboard */ = {
			isa = PBXVariantGroup;
			children = (
				01E3A0402B4471A7008A0322 /* Base */,
			);
			name = Main.storyboard;
			sourceTree = "<group>";
		};
		01E3A0442B4471A9008A0322 /* LaunchScreen.storyboard */ = {
			isa = PBXVariantGroup;
			children = (
				01E3A0452B4471A9008A0322 /* Base */,
			);
			name = LaunchScreen.storyboard;
			sourceTree = "<group>";
		};
/* End PBXVariantGroup section */

/* Begin XCBuildConfiguration section */
		01E3A05E2B4471A9008A0322 /* Debug */ = {
			isa = XCBuildConfiguration;
			buildSettings = {
				ALWAYS_SEARCH_USER_PATHS = NO;
				ASSETCATALOG_COMPILER_GENERATE_SWIFT_ASSET_SYMBOL_EXTENSIONS = YES;
				CLANG_ANALYZER_NONNULL = YES;
				CLANG_ANALYZER_NUMBER_OBJECT_CONVERSION = YES_AGGRESSIVE;
				CLANG_CXX_LANGUAGE_STANDARD = "gnu++20";
				CLANG_ENABLE_MODULES = YES;
				CLANG_ENABLE_OBJC_ARC = YES;
				CLANG_ENABLE_OBJC_WEAK = YES;
				CLANG_WARN_BLOCK_CAPTURE_AUTORELEASING = YES;
				CLANG_WARN_BOOL_CONVERSION = YES;
				CLANG_WARN_COMMA = YES;
				CLANG_WARN_CONSTANT_CONVERSION = YES;
				CLANG_WARN_DEPRECATED_OBJC_IMPLEMENTATIONS = YES;
				CLANG_WARN_DIRECT_OBJC_ISA_USAGE = YES_ERROR;
				CLANG_WARN_DOCUMENTATION_COMMENTS = YES;
				CLANG_WARN_EMPTY_BODY = YES;
				CLANG_WARN_ENUM_CONVERSION = YES;
				CLANG_WARN_INFINITE_RECURSION = YES;
				CLANG_WARN_INT_CONVERSION = YES;
				CLANG_WARN_NON_LITERAL_NULL_CONVERSION = YES;
				CLANG_WARN_OBJC_IMPLICIT_RETAIN_SELF = YES;
				CLANG_WARN_OBJC_LITERAL_CONVERSION = YES;
				CLANG_WARN_OBJC_ROOT_CLASS = YES_ERROR;
				CLANG_WARN_QUOTED_INCLUDE_IN_FRAMEWORK_HEADER = YES;
				CLANG_WARN_RANGE_LOOP_ANALYSIS = YES;
				CLANG_WARN_STRICT_PROTOTYPES = YES;
				CLANG_WARN_SUSPICIOUS_MOVE = YES;
				CLANG_WARN_UNGUARDED_AVAILABILITY = YES_AGGRESSIVE;
				CLANG_WARN_UNREACHABLE_CODE = YES;
				CLANG_WARN__DUPLICATE_METHOD_MATCH = YES;
				COPY_PHASE_STRIP = NO;
				DEBUG_INFORMATION_FORMAT = dwarf;
				ENABLE_STRICT_OBJC_MSGSEND = YES;
				ENABLE_TESTABILITY = YES;
				ENABLE_USER_SCRIPT_SANDBOXING = YES;
				GCC_C_LANGUAGE_STANDARD = gnu17;
				GCC_DYNAMIC_NO_PIC = NO;
				GCC_NO_COMMON_BLOCKS = YES;
				GCC_OPTIMIZATION_LEVEL = 0;
				GCC_PREPROCESSOR_DEFINITIONS = (
					"DEBUG=1",
					"$(inherited)",
				);
				GCC_WARN_64_TO_32_BIT_CONVERSION = YES;
				GCC_WARN_ABOUT_RETURN_TYPE = YES_ERROR;
				GCC_WARN_UNDECLARED_SELECTOR = YES;
				GCC_WARN_UNINITIALIZED_AUTOS = YES_AGGRESSIVE;
				GCC_WARN_UNUSED_FUNCTION = YES;
				GCC_WARN_UNUSED_VARIABLE = YES;
				IPHONEOS_DEPLOYMENT_TARGET = 17.0;
				LOCALIZATION_PREFERS_STRING_CATALOGS = YES;
				MTL_ENABLE_DEBUG_INFO = INCLUDE_SOURCE;
				MTL_FAST_MATH = YES;
				ONLY_ACTIVE_ARCH = YES;
				SDKROOT = iphoneos;
				SWIFT_ACTIVE_COMPILATION_CONDITIONS = "DEBUG $(inherited)";
				SWIFT_OPTIMIZATION_LEVEL = "-Onone";
			};
			name = Debug;
		};
		01E3A05F2B4471A9008A0322 /* Release */ = {
			isa = XCBuildConfiguration;
			buildSettings = {
				ALWAYS_SEARCH_USER_PATHS = NO;
				ASSETCATALOG_COMPILER_GENERATE_SWIFT_ASSET_SYMBOL_EXTENSIONS = YES;
				CLANG_ANALYZER_NONNULL = YES;
				CLANG_ANALYZER_NUMBER_OBJECT_CONVERSION = YES_AGGRESSIVE;
				CLANG_CXX_LANGUAGE_STANDARD = "gnu++20";
				CLANG_ENABLE_MODULES = YES;
				CLANG_ENABLE_OBJC_ARC = YES;
				CLANG_ENABLE_OBJC_WEAK = YES;
				CLANG_WARN_BLOCK_CAPTURE_AUTORELEASING = YES;
				CLANG_WARN_BOOL_CONVERSION = YES;
				CLANG_WARN_COMMA = YES;
				CLANG_WARN_CONSTANT_CONVERSION = YES;
				CLANG_WARN_DEPRECATED_OBJC_IMPLEMENTATIONS = YES;
				CLANG_WARN_DIRECT_OBJC_ISA_USAGE = YES_ERROR;
				CLANG_WARN_DOCUMENTATION_COMMENTS = YES;
				CLANG_WARN_EMPTY_BODY = YES;
				CLANG_WARN_ENUM_CONVERSION = YES;
				CLANG_WARN_INFINITE_RECURSION = YES;
				CLANG_WARN_INT_CONVERSION = YES;
				CLANG_WARN_NON_LITERAL_NULL_CONVERSION = YES;
				CLANG_WARN_OBJC_IMPLICIT_RETAIN_SELF = YES;
				CLANG_WARN_OBJC_LITERAL_CONVERSION = YES;
				CLANG_WARN_OBJC_ROOT_CLASS = YES_ERROR;
				CLANG_WARN_QUOTED_INCLUDE_IN_FRAMEWORK_HEADER = YES;
				CLANG_WARN_RANGE_LOOP_ANALYSIS = YES;
				CLANG_WARN_STRICT_PROTOTYPES = YES;
				CLANG_WARN_SUSPICIOUS_MOVE = YES;
				CLANG_WARN_UNGUARDED_AVAILABILITY = YES_AGGRESSIVE;
				CLANG_WARN_UNREACHABLE_CODE = YES;
				CLANG_WARN__DUPLICATE_METHOD_MATCH = YES;
				COPY_PHASE_STRIP = NO;
				DEBUG_INFORMATION_FORMAT = "dwarf-with-dsym";
				ENABLE_NS_ASSERTIONS = NO;
				ENABLE_STRICT_OBJC_MSGSEND = YES;
				ENABLE_USER_SCRIPT_SANDBOXING = YES;
				GCC_C_LANGUAGE_STANDARD = gnu17;
				GCC_NO_COMMON_BLOCKS = YES;
				GCC_WARN_64_TO_32_BIT_CONVERSION = YES;
				GCC_WARN_ABOUT_RETURN_TYPE = YES_ERROR;
				GCC_WARN_UNDECLARED_SELECTOR = YES;
				GCC_WARN_UNINITIALIZED_AUTOS = YES_AGGRESSIVE;
				GCC_WARN_UNUSED_FUNCTION = YES;
				GCC_WARN_UNUSED_VARIABLE = YES;
				IPHONEOS_DEPLOYMENT_TARGET = 17.0;
				LOCALIZATION_PREFERS_STRING_CATALOGS = YES;
				MTL_ENABLE_DEBUG_INFO = NO;
				MTL_FAST_MATH = YES;
				SDKROOT = iphoneos;
				SWIFT_COMPILATION_MODE = wholemodule;
				VALIDATE_PRODUCT = YES;
			};
			name = Release;
		};
		01E3A0612B4471A9008A0322 /* Debug */ = {
			isa = XCBuildConfiguration;
			buildSettings = {
				ASSETCATALOG_COMPILER_APPICON_NAME = AppIcon;
				ASSETCATALOG_COMPILER_GLOBAL_ACCENT_COLOR_NAME = AccentColor;
				CODE_SIGN_STYLE = Automatic;
				CURRENT_PROJECT_VERSION = 1;
				DEVELOPMENT_TEAM = 9A9QCVT3U8;
				GENERATE_INFOPLIST_FILE = YES;
				INFOPLIST_FILE = NewsAppForMe/Info.plist;
				INFOPLIST_KEY_UIApplicationSupportsIndirectInputEvents = YES;
				INFOPLIST_KEY_UILaunchStoryboardName = LaunchScreen;
				INFOPLIST_KEY_UIMainStoryboardFile = Main;
				INFOPLIST_KEY_UISupportedInterfaceOrientations_iPad = "UIInterfaceOrientationPortrait UIInterfaceOrientationPortraitUpsideDown UIInterfaceOrientationLandscapeLeft UIInterfaceOrientationLandscapeRight";
				INFOPLIST_KEY_UISupportedInterfaceOrientations_iPhone = "UIInterfaceOrientationPortrait UIInterfaceOrientationLandscapeLeft UIInterfaceOrientationLandscapeRight";
				LD_RUNPATH_SEARCH_PATHS = (
					"$(inherited)",
					"@executable_path/Frameworks",
				);
				MARKETING_VERSION = 1.0;
				PRODUCT_BUNDLE_IDENTIFIER = newsappforme.patiljignesh.com.NewsAppForMe;
				PRODUCT_NAME = "$(TARGET_NAME)";
				SWIFT_EMIT_LOC_STRINGS = YES;
				SWIFT_VERSION = 5.0;
				TARGETED_DEVICE_FAMILY = "1,2";
			};
			name = Debug;
		};
		01E3A0622B4471A9008A0322 /* Release */ = {
			isa = XCBuildConfiguration;
			buildSettings = {
				ASSETCATALOG_COMPILER_APPICON_NAME = AppIcon;
				ASSETCATALOG_COMPILER_GLOBAL_ACCENT_COLOR_NAME = AccentColor;
				CODE_SIGN_STYLE = Automatic;
				CURRENT_PROJECT_VERSION = 1;
				DEVELOPMENT_TEAM = 9A9QCVT3U8;
				GENERATE_INFOPLIST_FILE = YES;
				INFOPLIST_FILE = NewsAppForMe/Info.plist;
				INFOPLIST_KEY_UIApplicationSupportsIndirectInputEvents = YES;
				INFOPLIST_KEY_UILaunchStoryboardName = LaunchScreen;
				INFOPLIST_KEY_UIMainStoryboardFile = Main;
				INFOPLIST_KEY_UISupportedInterfaceOrientations_iPad = "UIInterfaceOrientationPortrait UIInterfaceOrientationPortraitUpsideDown UIInterfaceOrientationLandscapeLeft UIInterfaceOrientationLandscapeRight";
				INFOPLIST_KEY_UISupportedInterfaceOrientations_iPhone = "UIInterfaceOrientationPortrait UIInterfaceOrientationLandscapeLeft UIInterfaceOrientationLandscapeRight";
				LD_RUNPATH_SEARCH_PATHS = (
					"$(inherited)",
					"@executable_path/Frameworks",
				);
				MARKETING_VERSION = 1.0;
				PRODUCT_BUNDLE_IDENTIFIER = newsappforme.patiljignesh.com.NewsAppForMe;
				PRODUCT_NAME = "$(TARGET_NAME)";
				SWIFT_EMIT_LOC_STRINGS = YES;
				SWIFT_VERSION = 5.0;
				TARGETED_DEVICE_FAMILY = "1,2";
			};
			name = Release;
		};
		01E3A0642B4471A9008A0322 /* Debug */ = {
			isa = XCBuildConfiguration;
			buildSettings = {
				ALWAYS_EMBED_SWIFT_STANDARD_LIBRARIES = YES;
				BUNDLE_LOADER = "$(TEST_HOST)";
				CODE_SIGN_STYLE = Automatic;
				CURRENT_PROJECT_VERSION = 1;
				DEVELOPMENT_TEAM = 9A9QCVT3U8;
				GENERATE_INFOPLIST_FILE = YES;
				IPHONEOS_DEPLOYMENT_TARGET = 17.0;
				MARKETING_VERSION = 1.0;
				PRODUCT_BUNDLE_IDENTIFIER = newsappforme.patiljignesh.com.NewsAppForMeTests;
				PRODUCT_NAME = "$(TARGET_NAME)";
				SWIFT_EMIT_LOC_STRINGS = NO;
				SWIFT_VERSION = 5.0;
				TARGETED_DEVICE_FAMILY = "1,2";
				TEST_HOST = "$(BUILT_PRODUCTS_DIR)/NewsAppForMe.app/$(BUNDLE_EXECUTABLE_FOLDER_PATH)/NewsAppForMe";
			};
			name = Debug;
		};
		01E3A0652B4471A9008A0322 /* Release */ = {
			isa = XCBuildConfiguration;
			buildSettings = {
				ALWAYS_EMBED_SWIFT_STANDARD_LIBRARIES = YES;
				BUNDLE_LOADER = "$(TEST_HOST)";
				CODE_SIGN_STYLE = Automatic;
				CURRENT_PROJECT_VERSION = 1;
				DEVELOPMENT_TEAM = 9A9QCVT3U8;
				GENERATE_INFOPLIST_FILE = YES;
				IPHONEOS_DEPLOYMENT_TARGET = 17.0;
				MARKETING_VERSION = 1.0;
				PRODUCT_BUNDLE_IDENTIFIER = newsappforme.patiljignesh.com.NewsAppForMeTests;
				PRODUCT_NAME = "$(TARGET_NAME)";
				SWIFT_EMIT_LOC_STRINGS = NO;
				SWIFT_VERSION = 5.0;
				TARGETED_DEVICE_FAMILY = "1,2";
				TEST_HOST = "$(BUILT_PRODUCTS_DIR)/NewsAppForMe.app/$(BUNDLE_EXECUTABLE_FOLDER_PATH)/NewsAppForMe";
			};
			name = Release;
		};
		01E3A0672B4471A9008A0322 /* Debug */ = {
			isa = XCBuildConfiguration;
			buildSettings = {
				ALWAYS_EMBED_SWIFT_STANDARD_LIBRARIES = YES;
				CODE_SIGN_STYLE = Automatic;
				CURRENT_PROJECT_VERSION = 1;
				DEVELOPMENT_TEAM = 9A9QCVT3U8;
				GENERATE_INFOPLIST_FILE = YES;
				MARKETING_VERSION = 1.0;
				PRODUCT_BUNDLE_IDENTIFIER = newsappforme.patiljignesh.com.NewsAppForMeUITests;
				PRODUCT_NAME = "$(TARGET_NAME)";
				SWIFT_EMIT_LOC_STRINGS = NO;
				SWIFT_VERSION = 5.0;
				TARGETED_DEVICE_FAMILY = "1,2";
				TEST_TARGET_NAME = NewsAppForMe;
			};
			name = Debug;
		};
		01E3A0682B4471A9008A0322 /* Release */ = {
			isa = XCBuildConfiguration;
			buildSettings = {
				ALWAYS_EMBED_SWIFT_STANDARD_LIBRARIES = YES;
				CODE_SIGN_STYLE = Automatic;
				CURRENT_PROJECT_VERSION = 1;
				DEVELOPMENT_TEAM = 9A9QCVT3U8;
				GENERATE_INFOPLIST_FILE = YES;
				MARKETING_VERSION = 1.0;
				PRODUCT_BUNDLE_IDENTIFIER = newsappforme.patiljignesh.com.NewsAppForMeUITests;
				PRODUCT_NAME = "$(TARGET_NAME)";
				SWIFT_EMIT_LOC_STRINGS = NO;
				SWIFT_VERSION = 5.0;
				TARGETED_DEVICE_FAMILY = "1,2";
				TEST_TARGET_NAME = NewsAppForMe;
			};
			name = Release;
		};
/* End XCBuildConfiguration section */

/* Begin XCConfigurationList section */
		01E3A0312B4471A7008A0322 /* Build configuration list for PBXProject "NewsAppForMe" */ = {
			isa = XCConfigurationList;
			buildConfigurations = (
				01E3A05E2B4471A9008A0322 /* Debug */,
				01E3A05F2B4471A9008A0322 /* Release */,
			);
			defaultConfigurationIsVisible = 0;
			defaultConfigurationName = Release;
		};
		01E3A0602B4471A9008A0322 /* Build configuration list for PBXNativeTarget "NewsAppForMe" */ = {
			isa = XCConfigurationList;
			buildConfigurations = (
				01E3A0612B4471A9008A0322 /* Debug */,
				01E3A0622B4471A9008A0322 /* Release */,
			);
			defaultConfigurationIsVisible = 0;
			defaultConfigurationName = Release;
		};
		01E3A0632B4471A9008A0322 /* Build configuration list for PBXNativeTarget "NewsAppForMeTests" */ = {
			isa = XCConfigurationList;
			buildConfigurations = (
				01E3A0642B4471A9008A0322 /* Debug */,
				01E3A0652B4471A9008A0322 /* Release */,
			);
			defaultConfigurationIsVisible = 0;
			defaultConfigurationName = Release;
		};
		01E3A0662B4471A9008A0322 /* Build configuration list for PBXNativeTarget "NewsAppForMeUITests" */ = {
			isa = XCConfigurationList;
			buildConfigurations = (
				01E3A0672B4471A9008A0322 /* Debug */,
				01E3A0682B4471A9008A0322 /* Release */,
			);
			defaultConfigurationIsVisible = 0;
			defaultConfigurationName = Release;
		};
/* End XCConfigurationList section */
	};
	rootObject = 01E3A02E2B4471A7008A0322 /* Project object */;
}
